// !$*UTF8*$!
{
	archiveVersion = 1;
	classes = {
	};
	objectVersion = 48;
	objects = {

/* Begin PBXBuildFile section */
		5A5B45391F99831C00B0EB13 /* AppDelegate.m in Sources */ = {isa = PBXBuildFile; fileRef = 5A5B45381F99831C00B0EB13 /* AppDelegate.m */; };
		5A5B453C1F99831C00B0EB13 /* ViewController.m in Sources */ = {isa = PBXBuildFile; fileRef = 5A5B453B1F99831C00B0EB13 /* ViewController.m */; };
		5A5B453F1F99831C00B0EB13 /* Main.storyboard in Resources */ = {isa = PBXBuildFile; fileRef = 5A5B453D1F99831C00B0EB13 /* Main.storyboard */; };
		5A5B45411F99831C00B0EB13 /* Assets.xcassets in Resources */ = {isa = PBXBuildFile; fileRef = 5A5B45401F99831C00B0EB13 /* Assets.xcassets */; };
		5A5B45441F99831C00B0EB13 /* LaunchScreen.storyboard in Resources */ = {isa = PBXBuildFile; fileRef = 5A5B45421F99831C00B0EB13 /* LaunchScreen.storyboard */; };
		5A5B45471F99831C00B0EB13 /* main.m in Sources */ = {isa = PBXBuildFile; fileRef = 5A5B45461F99831C00B0EB13 /* main.m */; };
		5A5B45541F99835600B0EB13 /* NotificationCenter.framework in Frameworks */ = {isa = PBXBuildFile; fileRef = 5A5B45531F99835600B0EB13 /* NotificationCenter.framework */; };
		5A5B45581F99835600B0EB13 /* TodayViewController.m in Sources */ = {isa = PBXBuildFile; fileRef = 5A5B45571F99835600B0EB13 /* TodayViewController.m */; };
		5A5B455B1F99835600B0EB13 /* MainInterface.storyboard in Resources */ = {isa = PBXBuildFile; fileRef = 5A5B45591F99835600B0EB13 /* MainInterface.storyboard */; };
		5A5B455F1F99835600B0EB13 /* Tartan Today.appex in Embed App Extensions */ = {isa = PBXBuildFile; fileRef = 5A5B45511F99835600B0EB13 /* Tartan Today.appex */; settings = {ATTRIBUTES = (RemoveHeadersOnCopy, ); }; };
		5A5B45641F998CC000B0EB13 /* Assets.xcassets in Resources */ = {isa = PBXBuildFile; fileRef = 5A5B45401F99831C00B0EB13 /* Assets.xcassets */; };
		5A64B1F21F99B95A000959E0 /* FetchItemURLController.m in Sources */ = {isa = PBXBuildFile; fileRef = 5A64B1EE1F99B959000959E0 /* FetchItemURLController.m */; };
		5A64B1F31F99B95A000959E0 /* SpeechRecognitionController.m in Sources */ = {isa = PBXBuildFile; fileRef = 5A64B1EF1F99B959000959E0 /* SpeechRecognitionController.m */; };
/* End PBXBuildFile section */

/* Begin PBXContainerItemProxy section */
		5A5B455D1F99835600B0EB13 /* PBXContainerItemProxy */ = {
			isa = PBXContainerItemProxy;
			containerPortal = 5A5B452C1F99831C00B0EB13 /* Project object */;
			proxyType = 1;
			remoteGlobalIDString = 5A5B45501F99835600B0EB13;
			remoteInfo = "Tartan Today";
		};
/* End PBXContainerItemProxy section */

/* Begin PBXCopyFilesBuildPhase section */
		5A5B45631F99835600B0EB13 /* Embed App Extensions */ = {
			isa = PBXCopyFilesBuildPhase;
			buildActionMask = 2147483647;
			dstPath = "";
			dstSubfolderSpec = 13;
			files = (
				5A5B455F1F99835600B0EB13 /* Tartan Today.appex in Embed App Extensions */,
			);
			name = "Embed App Extensions";
			runOnlyForDeploymentPostprocessing = 0;
		};
/* End PBXCopyFilesBuildPhase section */

/* Begin PBXFileReference section */
		5A5B45341F99831C00B0EB13 /* Tartan.app */ = {isa = PBXFileReference; explicitFileType = wrapper.application; includeInIndex = 0; path = Tartan.app; sourceTree = BUILT_PRODUCTS_DIR; };
		5A5B45371F99831C00B0EB13 /* AppDelegate.h */ = {isa = PBXFileReference; lastKnownFileType = sourcecode.c.h; path = AppDelegate.h; sourceTree = "<group>"; };
		5A5B45381F99831C00B0EB13 /* AppDelegate.m */ = {isa = PBXFileReference; lastKnownFileType = sourcecode.c.objc; path = AppDelegate.m; sourceTree = "<group>"; };
		5A5B453A1F99831C00B0EB13 /* ViewController.h */ = {isa = PBXFileReference; lastKnownFileType = sourcecode.c.h; path = ViewController.h; sourceTree = "<group>"; };
		5A5B453B1F99831C00B0EB13 /* ViewController.m */ = {isa = PBXFileReference; lastKnownFileType = sourcecode.c.objc; path = ViewController.m; sourceTree = "<group>"; };
		5A5B453E1F99831C00B0EB13 /* Base */ = {isa = PBXFileReference; lastKnownFileType = file.storyboard; name = Base; path = Base.lproj/Main.storyboard; sourceTree = "<group>"; };
		5A5B45401F99831C00B0EB13 /* Assets.xcassets */ = {isa = PBXFileReference; lastKnownFileType = folder.assetcatalog; path = Assets.xcassets; sourceTree = "<group>"; };
		5A5B45431F99831C00B0EB13 /* Base */ = {isa = PBXFileReference; lastKnownFileType = file.storyboard; name = Base; path = Base.lproj/LaunchScreen.storyboard; sourceTree = "<group>"; };
		5A5B45451F99831C00B0EB13 /* Info.plist */ = {isa = PBXFileReference; lastKnownFileType = text.plist.xml; path = Info.plist; sourceTree = "<group>"; };
		5A5B45461F99831C00B0EB13 /* main.m */ = {isa = PBXFileReference; lastKnownFileType = sourcecode.c.objc; path = main.m; sourceTree = "<group>"; };
		5A5B45511F99835600B0EB13 /* Tartan Today.appex */ = {isa = PBXFileReference; explicitFileType = "wrapper.app-extension"; includeInIndex = 0; path = "Tartan Today.appex"; sourceTree = BUILT_PRODUCTS_DIR; };
		5A5B45531F99835600B0EB13 /* NotificationCenter.framework */ = {isa = PBXFileReference; lastKnownFileType = wrapper.framework; name = NotificationCenter.framework; path = System/Library/Frameworks/NotificationCenter.framework; sourceTree = SDKROOT; };
		5A5B45561F99835600B0EB13 /* TodayViewController.h */ = {isa = PBXFileReference; lastKnownFileType = sourcecode.c.h; path = TodayViewController.h; sourceTree = "<group>"; };
		5A5B45571F99835600B0EB13 /* TodayViewController.m */ = {isa = PBXFileReference; lastKnownFileType = sourcecode.c.objc; path = TodayViewController.m; sourceTree = "<group>"; };
		5A5B455A1F99835600B0EB13 /* Base */ = {isa = PBXFileReference; lastKnownFileType = file.storyboard; name = Base; path = Base.lproj/MainInterface.storyboard; sourceTree = "<group>"; };
		5A5B455C1F99835600B0EB13 /* Info.plist */ = {isa = PBXFileReference; lastKnownFileType = text.plist.xml; path = Info.plist; sourceTree = "<group>"; };
		5A64B1EE1F99B959000959E0 /* FetchItemURLController.m */ = {isa = PBXFileReference; fileEncoding = 4; lastKnownFileType = sourcecode.c.objc; path = FetchItemURLController.m; sourceTree = "<group>"; };
		5A64B1EF1F99B959000959E0 /* SpeechRecognitionController.m */ = {isa = PBXFileReference; fileEncoding = 4; lastKnownFileType = sourcecode.c.objc; path = SpeechRecognitionController.m; sourceTree = "<group>"; };
		5A64B1F01F99B959000959E0 /* SpeechRecognitionController.h */ = {isa = PBXFileReference; fileEncoding = 4; lastKnownFileType = sourcecode.c.h; path = SpeechRecognitionController.h; sourceTree = "<group>"; };
		5A64B1F11F99B95A000959E0 /* FetchItemURLController.h */ = {isa = PBXFileReference; fileEncoding = 4; lastKnownFileType = sourcecode.c.h; path = FetchItemURLController.h; sourceTree = "<group>"; };
/* End PBXFileReference section */

/* Begin PBXFrameworksBuildPhase section */
		5A5B45311F99831C00B0EB13 /* Frameworks */ = {
			isa = PBXFrameworksBuildPhase;
			buildActionMask = 2147483647;
			files = (
			);
			runOnlyForDeploymentPostprocessing = 0;
		};
		5A5B454E1F99835600B0EB13 /* Frameworks */ = {
			isa = PBXFrameworksBuildPhase;
			buildActionMask = 2147483647;
			files = (
				5A5B45541F99835600B0EB13 /* NotificationCenter.framework in Frameworks */,
			);
			runOnlyForDeploymentPostprocessing = 0;
		};
/* End PBXFrameworksBuildPhase section */

/* Begin PBXGroup section */
		5A5B452B1F99831C00B0EB13 = {
			isa = PBXGroup;
			children = (
				5A5B45361F99831C00B0EB13 /* Tartan */,
				5A5B45551F99835600B0EB13 /* Tartan Today */,
				5A5B45521F99835600B0EB13 /* Frameworks */,
				5A5B45351F99831C00B0EB13 /* Products */,
			);
			sourceTree = "<group>";
		};
		5A5B45351F99831C00B0EB13 /* Products */ = {
			isa = PBXGroup;
			children = (
				5A5B45341F99831C00B0EB13 /* Tartan.app */,
				5A5B45511F99835600B0EB13 /* Tartan Today.appex */,
			);
			name = Products;
			sourceTree = "<group>";
		};
		5A5B45361F99831C00B0EB13 /* Tartan */ = {
			isa = PBXGroup;
			children = (
				5A64B1F11F99B95A000959E0 /* FetchItemURLController.h */,
				5A64B1EE1F99B959000959E0 /* FetchItemURLController.m */,
				5A64B1F01F99B959000959E0 /* SpeechRecognitionController.h */,
				5A64B1EF1F99B959000959E0 /* SpeechRecognitionController.m */,
				5A5B45371F99831C00B0EB13 /* AppDelegate.h */,
				5A5B45381F99831C00B0EB13 /* AppDelegate.m */,
				5A5B453A1F99831C00B0EB13 /* ViewController.h */,
				5A5B453B1F99831C00B0EB13 /* ViewController.m */,
				5A5B453D1F99831C00B0EB13 /* Main.storyboard */,
				5A5B45401F99831C00B0EB13 /* Assets.xcassets */,
				5A5B45421F99831C00B0EB13 /* LaunchScreen.storyboard */,
				5A5B45451F99831C00B0EB13 /* Info.plist */,
				5A5B45461F99831C00B0EB13 /* main.m */,
			);
			path = Tartan;
			sourceTree = "<group>";
		};
		5A5B45521F99835600B0EB13 /* Frameworks */ = {
			isa = PBXGroup;
			children = (
				5A5B45531F99835600B0EB13 /* NotificationCenter.framework */,
			);
			name = Frameworks;
			sourceTree = "<group>";
		};
		5A5B45551F99835600B0EB13 /* Tartan Today */ = {
			isa = PBXGroup;
			children = (
				5A5B45561F99835600B0EB13 /* TodayViewController.h */,
				5A5B45571F99835600B0EB13 /* TodayViewController.m */,
				5A5B45591F99835600B0EB13 /* MainInterface.storyboard */,
				5A5B455C1F99835600B0EB13 /* Info.plist */,
			);
			path = "Tartan Today";
			sourceTree = "<group>";
		};
/* End PBXGroup section */

/* Begin PBXNativeTarget section */
		5A5B45331F99831C00B0EB13 /* Tartan */ = {
			isa = PBXNativeTarget;
			buildConfigurationList = 5A5B454A1F99831C00B0EB13 /* Build configuration list for PBXNativeTarget "Tartan" */;
			buildPhases = (
				5A5B45301F99831C00B0EB13 /* Sources */,
				5A5B45311F99831C00B0EB13 /* Frameworks */,
				5A5B45321F99831C00B0EB13 /* Resources */,
				5A5B45631F99835600B0EB13 /* Embed App Extensions */,
			);
			buildRules = (
			);
			dependencies = (
				5A5B455E1F99835600B0EB13 /* PBXTargetDependency */,
			);
			name = Tartan;
			productName = Tartan;
			productReference = 5A5B45341F99831C00B0EB13 /* Tartan.app */;
			productType = "com.apple.product-type.application";
		};
		5A5B45501F99835600B0EB13 /* Tartan Today */ = {
			isa = PBXNativeTarget;
			buildConfigurationList = 5A5B45601F99835600B0EB13 /* Build configuration list for PBXNativeTarget "Tartan Today" */;
			buildPhases = (
				5A5B454D1F99835600B0EB13 /* Sources */,
				5A5B454E1F99835600B0EB13 /* Frameworks */,
				5A5B454F1F99835600B0EB13 /* Resources */,
			);
			buildRules = (
			);
			dependencies = (
			);
			name = "Tartan Today";
			productName = "Tartan Today";
			productReference = 5A5B45511F99835600B0EB13 /* Tartan Today.appex */;
			productType = "com.apple.product-type.app-extension";
		};
/* End PBXNativeTarget section */

/* Begin PBXProject section */
		5A5B452C1F99831C00B0EB13 /* Project object */ = {
			isa = PBXProject;
			attributes = {
				LastUpgradeCheck = 0900;
				ORGANIZATIONNAME = Rakuten;
				TargetAttributes = {
					5A5B45331F99831C00B0EB13 = {
						CreatedOnToolsVersion = 9.0.1;
						ProvisioningStyle = Automatic;
					};
					5A5B45501F99835600B0EB13 = {
						CreatedOnToolsVersion = 9.0.1;
						ProvisioningStyle = Automatic;
					};
				};
			};
			buildConfigurationList = 5A5B452F1F99831C00B0EB13 /* Build configuration list for PBXProject "Tartan" */;
			compatibilityVersion = "Xcode 8.0";
			developmentRegion = en;
			hasScannedForEncodings = 0;
			knownRegions = (
				en,
				Base,
			);
			mainGroup = 5A5B452B1F99831C00B0EB13;
			productRefGroup = 5A5B45351F99831C00B0EB13 /* Products */;
			projectDirPath = "";
			projectRoot = "";
			targets = (
				5A5B45331F99831C00B0EB13 /* Tartan */,
				5A5B45501F99835600B0EB13 /* Tartan Today */,
			);
		};
/* End PBXProject section */

/* Begin PBXResourcesBuildPhase section */
		5A5B45321F99831C00B0EB13 /* Resources */ = {
			isa = PBXResourcesBuildPhase;
			buildActionMask = 2147483647;
			files = (
				5A5B45441F99831C00B0EB13 /* LaunchScreen.storyboard in Resources */,
				5A5B45411F99831C00B0EB13 /* Assets.xcassets in Resources */,
				5A5B453F1F99831C00B0EB13 /* Main.storyboard in Resources */,
			);
			runOnlyForDeploymentPostprocessing = 0;
		};
		5A5B454F1F99835600B0EB13 /* Resources */ = {
			isa = PBXResourcesBuildPhase;
			buildActionMask = 2147483647;
			files = (
				5A5B45641F998CC000B0EB13 /* Assets.xcassets in Resources */,
				5A5B455B1F99835600B0EB13 /* MainInterface.storyboard in Resources */,
			);
			runOnlyForDeploymentPostprocessing = 0;
		};
/* End PBXResourcesBuildPhase section */

/* Begin PBXSourcesBuildPhase section */
		5A5B45301F99831C00B0EB13 /* Sources */ = {
			isa = PBXSourcesBuildPhase;
			buildActionMask = 2147483647;
			files = (
				5A5B453C1F99831C00B0EB13 /* ViewController.m in Sources */,
				5A5B45471F99831C00B0EB13 /* main.m in Sources */,
				5A64B1F31F99B95A000959E0 /* SpeechRecognitionController.m in Sources */,
				5A5B45391F99831C00B0EB13 /* AppDelegate.m in Sources */,
				5A64B1F21F99B95A000959E0 /* FetchItemURLController.m in Sources */,
			);
			runOnlyForDeploymentPostprocessing = 0;
		};
		5A5B454D1F99835600B0EB13 /* Sources */ = {
			isa = PBXSourcesBuildPhase;
			buildActionMask = 2147483647;
			files = (
				5A5B45581F99835600B0EB13 /* TodayViewController.m in Sources */,
			);
			runOnlyForDeploymentPostprocessing = 0;
		};
/* End PBXSourcesBuildPhase section */

/* Begin PBXTargetDependency section */
		5A5B455E1F99835600B0EB13 /* PBXTargetDependency */ = {
			isa = PBXTargetDependency;
			target = 5A5B45501F99835600B0EB13 /* Tartan Today */;
			targetProxy = 5A5B455D1F99835600B0EB13 /* PBXContainerItemProxy */;
		};
/* End PBXTargetDependency section */

/* Begin PBXVariantGroup section */
		5A5B453D1F99831C00B0EB13 /* Main.storyboard */ = {
			isa = PBXVariantGroup;
			children = (
				5A5B453E1F99831C00B0EB13 /* Base */,
			);
			name = Main.storyboard;
			sourceTree = "<group>";
		};
		5A5B45421F99831C00B0EB13 /* LaunchScreen.storyboard */ = {
			isa = PBXVariantGroup;
			children = (
				5A5B45431F99831C00B0EB13 /* Base */,
			);
			name = LaunchScreen.storyboard;
			sourceTree = "<group>";
		};
		5A5B45591F99835600B0EB13 /* MainInterface.storyboard */ = {
			isa = PBXVariantGroup;
			children = (
				5A5B455A1F99835600B0EB13 /* Base */,
			);
			name = MainInterface.storyboard;
			sourceTree = "<group>";
		};
/* End PBXVariantGroup section */

/* Begin XCBuildConfiguration section */
		5A5B45481F99831C00B0EB13 /* Debug */ = {
			isa = XCBuildConfiguration;
			buildSettings = {
				ALWAYS_SEARCH_USER_PATHS = NO;
				CLANG_ANALYZER_NONNULL = YES;
				CLANG_ANALYZER_NUMBER_OBJECT_CONVERSION = YES_AGGRESSIVE;
				CLANG_CXX_LANGUAGE_STANDARD = "gnu++14";
				CLANG_CXX_LIBRARY = "libc++";
				CLANG_ENABLE_MODULES = YES;
				CLANG_ENABLE_OBJC_ARC = YES;
				CLANG_WARN_BLOCK_CAPTURE_AUTORELEASING = YES;
				CLANG_WARN_BOOL_CONVERSION = YES;
				CLANG_WARN_COMMA = YES;
				CLANG_WARN_CONSTANT_CONVERSION = YES;
				CLANG_WARN_DIRECT_OBJC_ISA_USAGE = YES_ERROR;
				CLANG_WARN_DOCUMENTATION_COMMENTS = YES;
				CLANG_WARN_EMPTY_BODY = YES;
				CLANG_WARN_ENUM_CONVERSION = YES;
				CLANG_WARN_INFINITE_RECURSION = YES;
				CLANG_WARN_INT_CONVERSION = YES;
				CLANG_WARN_NON_LITERAL_NULL_CONVERSION = YES;
				CLANG_WARN_OBJC_LITERAL_CONVERSION = YES;
				CLANG_WARN_OBJC_ROOT_CLASS = YES_ERROR;
				CLANG_WARN_RANGE_LOOP_ANALYSIS = YES;
				CLANG_WARN_STRICT_PROTOTYPES = YES;
				CLANG_WARN_SUSPICIOUS_MOVE = YES;
				CLANG_WARN_UNGUARDED_AVAILABILITY = YES_AGGRESSIVE;
				CLANG_WARN_UNREACHABLE_CODE = YES;
				CLANG_WARN__DUPLICATE_METHOD_MATCH = YES;
				CODE_SIGN_IDENTITY = "iPhone Developer";
				COPY_PHASE_STRIP = NO;
				DEBUG_INFORMATION_FORMAT = dwarf;
				ENABLE_STRICT_OBJC_MSGSEND = YES;
				ENABLE_TESTABILITY = YES;
				GCC_C_LANGUAGE_STANDARD = gnu11;
				GCC_DYNAMIC_NO_PIC = NO;
				GCC_NO_COMMON_BLOCKS = YES;
				GCC_OPTIMIZATION_LEVEL = 0;
				GCC_PREPROCESSOR_DEFINITIONS = (
					"DEBUG=1",
					"$(inherited)",
				);
				GCC_WARN_64_TO_32_BIT_CONVERSION = YES;
				GCC_WARN_ABOUT_RETURN_TYPE = YES_ERROR;
				GCC_WARN_UNDECLARED_SELECTOR = YES;
				GCC_WARN_UNINITIALIZED_AUTOS = YES_AGGRESSIVE;
				GCC_WARN_UNUSED_FUNCTION = YES;
				GCC_WARN_UNUSED_VARIABLE = YES;
				IPHONEOS_DEPLOYMENT_TARGET = 10.0;
				MTL_ENABLE_DEBUG_INFO = YES;
				ONLY_ACTIVE_ARCH = YES;
				SDKROOT = iphoneos;
			};
			name = Debug;
		};
		5A5B45491F99831C00B0EB13 /* Release */ = {
			isa = XCBuildConfiguration;
			buildSettings = {
				ALWAYS_SEARCH_USER_PATHS = NO;
				CLANG_ANALYZER_NONNULL = YES;
				CLANG_ANALYZER_NUMBER_OBJECT_CONVERSION = YES_AGGRESSIVE;
				CLANG_CXX_LANGUAGE_STANDARD = "gnu++14";
				CLANG_CXX_LIBRARY = "libc++";
				CLANG_ENABLE_MODULES = YES;
				CLANG_ENABLE_OBJC_ARC = YES;
				CLANG_WARN_BLOCK_CAPTURE_AUTORELEASING = YES;
				CLANG_WARN_BOOL_CONVERSION = YES;
				CLANG_WARN_COMMA = YES;
				CLANG_WARN_CONSTANT_CONVERSION = YES;
				CLANG_WARN_DIRECT_OBJC_ISA_USAGE = YES_ERROR;
				CLANG_WARN_DOCUMENTATION_COMMENTS = YES;
				CLANG_WARN_EMPTY_BODY = YES;
				CLANG_WARN_ENUM_CONVERSION = YES;
				CLANG_WARN_INFINITE_RECURSION = YES;
				CLANG_WARN_INT_CONVERSION = YES;
				CLANG_WARN_NON_LITERAL_NULL_CONVERSION = YES;
				CLANG_WARN_OBJC_LITERAL_CONVERSION = YES;
				CLANG_WARN_OBJC_ROOT_CLASS = YES_ERROR;
				CLANG_WARN_RANGE_LOOP_ANALYSIS = YES;
				CLANG_WARN_STRICT_PROTOTYPES = YES;
				CLANG_WARN_SUSPICIOUS_MOVE = YES;
				CLANG_WARN_UNGUARDED_AVAILABILITY = YES_AGGRESSIVE;
				CLANG_WARN_UNREACHABLE_CODE = YES;
				CLANG_WARN__DUPLICATE_METHOD_MATCH = YES;
				CODE_SIGN_IDENTITY = "iPhone Developer";
				COPY_PHASE_STRIP = NO;
				DEBUG_INFORMATION_FORMAT = "dwarf-with-dsym";
				ENABLE_NS_ASSERTIONS = NO;
				ENABLE_STRICT_OBJC_MSGSEND = YES;
				GCC_C_LANGUAGE_STANDARD = gnu11;
				GCC_NO_COMMON_BLOCKS = YES;
				GCC_WARN_64_TO_32_BIT_CONVERSION = YES;
				GCC_WARN_ABOUT_RETURN_TYPE = YES_ERROR;
				GCC_WARN_UNDECLARED_SELECTOR = YES;
				GCC_WARN_UNINITIALIZED_AUTOS = YES_AGGRESSIVE;
				GCC_WARN_UNUSED_FUNCTION = YES;
				GCC_WARN_UNUSED_VARIABLE = YES;
				IPHONEOS_DEPLOYMENT_TARGET = 10.0;
				MTL_ENABLE_DEBUG_INFO = NO;
				SDKROOT = iphoneos;
				VALIDATE_PRODUCT = YES;
			};
			name = Release;
		};
		5A5B454B1F99831C00B0EB13 /* Debug */ = {
			isa = XCBuildConfiguration;
			buildSettings = {
				ASSETCATALOG_COMPILER_APPICON_NAME = AppIcon;
				"CODE_SIGN_IDENTITY[sdk=iphoneos*]" = "iPhone Developer";
				CODE_SIGN_STYLE = Automatic;
				DEVELOPMENT_TEAM = 6TZ5622YFL;
				INFOPLIST_FILE = Tartan/Info.plist;
				IPHONEOS_DEPLOYMENT_TARGET = 10.0;
				LD_RUNPATH_SEARCH_PATHS = "$(inherited) @executable_path/Frameworks";
				PRODUCT_BUNDLE_IDENTIFIER = jp.co.rakuten.Tartan;
				PRODUCT_NAME = "$(TARGET_NAME)";
				PROVISIONING_PROFILE_SPECIFIER = "";
				TARGETED_DEVICE_FAMILY = "1,2";
			};
			name = Debug;
		};
		5A5B454C1F99831C00B0EB13 /* Release */ = {
			isa = XCBuildConfiguration;
			buildSettings = {
				ASSETCATALOG_COMPILER_APPICON_NAME = AppIcon;
				"CODE_SIGN_IDENTITY[sdk=iphoneos*]" = "iPhone Developer";
				CODE_SIGN_STYLE = Automatic;
				DEVELOPMENT_TEAM = 6TZ5622YFL;
				INFOPLIST_FILE = Tartan/Info.plist;
				IPHONEOS_DEPLOYMENT_TARGET = 10.0;
				LD_RUNPATH_SEARCH_PATHS = "$(inherited) @executable_path/Frameworks";
				PRODUCT_BUNDLE_IDENTIFIER = jp.co.rakuten.Tartan;
				PRODUCT_NAME = "$(TARGET_NAME)";
				PROVISIONING_PROFILE_SPECIFIER = "";
				TARGETED_DEVICE_FAMILY = "1,2";
			};
			name = Release;
		};
		5A5B45611F99835600B0EB13 /* Debug */ = {
			isa = XCBuildConfiguration;
			buildSettings = {
				"CODE_SIGN_IDENTITY[sdk=iphoneos*]" = "iPhone Developer";
				CODE_SIGN_STYLE = Automatic;
				DEVELOPMENT_TEAM = 6TZ5622YFL;
				INFOPLIST_FILE = "Tartan Today/Info.plist";
				LD_RUNPATH_SEARCH_PATHS = "$(inherited) @executable_path/Frameworks @executable_path/../../Frameworks";
				PRODUCT_BUNDLE_IDENTIFIER = "jp.co.rakuten.Tartan.Tartan-Today";
				PRODUCT_NAME = "$(TARGET_NAME)";
				PROVISIONING_PROFILE_SPECIFIER = "";
				SKIP_INSTALL = YES;
				TARGETED_DEVICE_FAMILY = "1,2";
			};
			name = Debug;
		};
		5A5B45621F99835600B0EB13 /* Release */ = {
			isa = XCBuildConfiguration;
			buildSettings = {
				"CODE_SIGN_IDENTITY[sdk=iphoneos*]" = "iPhone Developer";
				CODE_SIGN_STYLE = Automatic;
				DEVELOPMENT_TEAM = 6TZ5622YFL;
				INFOPLIST_FILE = "Tartan Today/Info.plist";
				LD_RUNPATH_SEARCH_PATHS = "$(inherited) @executable_path/Frameworks @executable_path/../../Frameworks";
				PRODUCT_BUNDLE_IDENTIFIER = "jp.co.rakuten.Tartan.Tartan-Today";
				PRODUCT_NAME = "$(TARGET_NAME)";
				PROVISIONING_PROFILE_SPECIFIER = "";
				SKIP_INSTALL = YES;
				TARGETED_DEVICE_FAMILY = "1,2";
			};
			name = Release;
		};
/* End XCBuildConfiguration section */

/* Begin XCConfigurationList section */
		5A5B452F1F99831C00B0EB13 /* Build configuration list for PBXProject "Tartan" */ = {
			isa = XCConfigurationList;
			buildConfigurations = (
				5A5B45481F99831C00B0EB13 /* Debug */,
				5A5B45491F99831C00B0EB13 /* Release */,
			);
			defaultConfigurationIsVisible = 0;
			defaultConfigurationName = Release;
		};
		5A5B454A1F99831C00B0EB13 /* Build configuration list for PBXNativeTarget "Tartan" */ = {
			isa = XCConfigurationList;
			buildConfigurations = (
				5A5B454B1F99831C00B0EB13 /* Debug */,
				5A5B454C1F99831C00B0EB13 /* Release */,
			);
			defaultConfigurationIsVisible = 0;
			defaultConfigurationName = Release;
		};
		5A5B45601F99835600B0EB13 /* Build configuration list for PBXNativeTarget "Tartan Today" */ = {
			isa = XCConfigurationList;
			buildConfigurations = (
				5A5B45611F99835600B0EB13 /* Debug */,
				5A5B45621F99835600B0EB13 /* Release */,
			);
			defaultConfigurationIsVisible = 0;
			defaultConfigurationName = Release;
		};
/* End XCConfigurationList section */
	};
	rootObject = 5A5B452C1F99831C00B0EB13 /* Project object */;
}
